
Microsoft Visual Studio Solution File, Format Version 12.00
# Visual Studio Version 16
VisualStudioVersion = 16.0.30503.244
MinimumVisualStudioVersion = 10.0.40219.1
Project("{9A19103F-16F7-4668-BE54-9A1E7A4F7556}") = "ConsoleApp2", "ConsoleApp2\ConsoleApp2.csproj", "{12ED4623-19BB-4241-88B4-1F3DE7D7AEE8}"
EndProject
Project("{9A19103F-16F7-4668-BE54-9A1E7A4F7556}") = "FileProcessingLibrary", "FileProcessingLibrary\FileProcessingLibrary.csproj", "{DB3723E5-5EB5-4AD8-8DE8-E136C440E278}"
EndProject
Project("{9A19103F-16F7-4668-BE54-9A1E7A4F7556}") = "Collections", "Collections\Collections.csproj", "{042A1218-EAAD-437E-A509-A1BF621A7DF4}"
EndProject
Global
	GlobalSection(SolutionConfigurationPlatforms) = preSolution
		Debug|Any CPU = Debug|Any CPU
		Release|Any CPU = Release|Any CPU
	EndGlobalSection
	GlobalSection(ProjectConfigurationPlatforms) = postSolution
		{12ED4623-19BB-4241-88B4-1F3DE7D7AEE8}.Debug|Any CPU.ActiveCfg = Debug|Any CPU
		{12ED4623-19BB-4241-88B4-1F3DE7D7AEE8}.Debug|Any CPU.Build.0 = Debug|Any CPU
		{12ED4623-19BB-4241-88B4-1F3DE7D7AEE8}.Release|Any CPU.ActiveCfg = Release|Any CPU
		{12ED4623-19BB-4241-88B4-1F3DE7D7AEE8}.Release|Any CPU.Build.0 = Release|Any CPU
		{DB3723E5-5EB5-4AD8-8DE8-E136C440E278}.Debug|Any CPU.ActiveCfg = Debug|Any CPU
		{DB3723E5-5EB5-4AD8-8DE8-E136C440E278}.Debug|Any CPU.Build.0 = Debug|Any CPU
		{DB3723E5-5EB5-4AD8-8DE8-E136C440E278}.Release|Any CPU.ActiveCfg = Release|Any CPU
		{DB3723E5-5EB5-4AD8-8DE8-E136C440E278}.Release|Any CPU.Build.0 = Release|Any CPU
		{042A1218-EAAD-437E-A509-A1BF621A7DF4}.Debug|Any CPU.ActiveCfg = Debug|Any CPU
		{042A1218-EAAD-437E-A509-A1BF621A7DF4}.Debug|Any CPU.Build.0 = Debug|Any CPU
		{042A1218-EAAD-437E-A509-A1BF621A7DF4}.Release|Any CPU.ActiveCfg = Release|Any CPU
		{042A1218-EAAD-437E-A509-A1BF621A7DF4}.Release|Any CPU.Build.0 = Release|Any CPU
	EndGlobalSection
	GlobalSection(SolutionProperties) = preSolution
		HideSolutionNode = FALSE
	EndGlobalSection
	GlobalSection(ExtensibilityGlobals) = postSolution
		SolutionGuid = {1F3F50DE-8135-4DB4-A249-312B65C16032}
	EndGlobalSection
EndGlobal
